
Microsoft Visual Studio Solution File, Format Version 12.00
Project("{2150E333-8FDC-42A3-9474-1A3956D46DE8}") = "External", "External", "{FDB193D4-537A-4A21-8A3B-D9E5E02D110A}"
EndProject
Project("{F2A71F9B-5D33-465A-A702-920D77279786}") = "FlingIt.Core", "FlingIt.Core\FlingIt.Core.fsproj", "{E21B3158-BC0A-4E24-ADA5-24467F33EEAD}"
EndProject
Project("{F2A71F9B-5D33-465A-A702-920D77279786}") = "FlingIt.WebApi", "FlingIt.WebApi\FlingIt.WebApi.fsproj", "{E1982D07-663B-4A1F-94C0-54D6FCA35B1E}"
EndProject
Project("{F2A71F9B-5D33-465A-A702-920D77279786}") = "FAuth", "..\FAuth\FAuth\FAuth.fsproj", "{1C1DD3F1-C930-4EF0-9856-08F6C8119489}"
EndProject
Project("{F2A71F9B-5D33-465A-A702-920D77279786}") = "FAuth.Extensions", "..\FAuth\FAuth.Extensions\FAuth.Extensions.fsproj", "{CDF40D10-D39E-422E-AA5E-1C26CB8192FE}"
EndProject
Project("{F2A71F9B-5D33-465A-A702-920D77279786}") = "Peeps", "..\Peeps\Peeps\Peeps.fsproj", "{491604AB-8674-40B6-9FC4-901F54EA78C2}"
EndProject
Project("{F2A71F9B-5D33-465A-A702-920D77279786}") = "FLite.Core", "..\FLite\FLite.Core\FLite.Core.fsproj", "{346FB60B-B50F-4DFE-B810-6CBE39DABCDA}"
EndProject
Project("{F2A71F9B-5D33-465A-A702-920D77279786}") = "FlingIt.Console", "FlingIt.Console\FlingIt.Console.fsproj", "{BFA572D5-9496-405A-AC5D-A56902BCD513}"
EndProject
Global
	GlobalSection(SolutionConfigurationPlatforms) = preSolution
		Debug|Any CPU = Debug|Any CPU
		Release|Any CPU = Release|Any CPU
	EndGlobalSection
	GlobalSection(ProjectConfigurationPlatforms) = postSolution
		{E21B3158-BC0A-4E24-ADA5-24467F33EEAD}.Debug|Any CPU.ActiveCfg = Debug|Any CPU
		{E21B3158-BC0A-4E24-ADA5-24467F33EEAD}.Debug|Any CPU.Build.0 = Debug|Any CPU
		{E21B3158-BC0A-4E24-ADA5-24467F33EEAD}.Release|Any CPU.ActiveCfg = Release|Any CPU
		{E21B3158-BC0A-4E24-ADA5-24467F33EEAD}.Release|Any CPU.Build.0 = Release|Any CPU
		{E1982D07-663B-4A1F-94C0-54D6FCA35B1E}.Debug|Any CPU.ActiveCfg = Debug|Any CPU
		{E1982D07-663B-4A1F-94C0-54D6FCA35B1E}.Debug|Any CPU.Build.0 = Debug|Any CPU
		{E1982D07-663B-4A1F-94C0-54D6FCA35B1E}.Release|Any CPU.ActiveCfg = Release|Any CPU
		{E1982D07-663B-4A1F-94C0-54D6FCA35B1E}.Release|Any CPU.Build.0 = Release|Any CPU
		{1C1DD3F1-C930-4EF0-9856-08F6C8119489}.Debug|Any CPU.ActiveCfg = Debug|Any CPU
		{1C1DD3F1-C930-4EF0-9856-08F6C8119489}.Debug|Any CPU.Build.0 = Debug|Any CPU
		{1C1DD3F1-C930-4EF0-9856-08F6C8119489}.Release|Any CPU.ActiveCfg = Release|Any CPU
		{1C1DD3F1-C930-4EF0-9856-08F6C8119489}.Release|Any CPU.Build.0 = Release|Any CPU
		{CDF40D10-D39E-422E-AA5E-1C26CB8192FE}.Debug|Any CPU.ActiveCfg = Debug|Any CPU
		{CDF40D10-D39E-422E-AA5E-1C26CB8192FE}.Debug|Any CPU.Build.0 = Debug|Any CPU
		{CDF40D10-D39E-422E-AA5E-1C26CB8192FE}.Release|Any CPU.ActiveCfg = Release|Any CPU
		{CDF40D10-D39E-422E-AA5E-1C26CB8192FE}.Release|Any CPU.Build.0 = Release|Any CPU
		{491604AB-8674-40B6-9FC4-901F54EA78C2}.Debug|Any CPU.ActiveCfg = Debug|Any CPU
		{491604AB-8674-40B6-9FC4-901F54EA78C2}.Debug|Any CPU.Build.0 = Debug|Any CPU
		{491604AB-8674-40B6-9FC4-901F54EA78C2}.Release|Any CPU.ActiveCfg = Release|Any CPU
		{491604AB-8674-40B6-9FC4-901F54EA78C2}.Release|Any CPU.Build.0 = Release|Any CPU
		{346FB60B-B50F-4DFE-B810-6CBE39DABCDA}.Debug|Any CPU.ActiveCfg = Debug|Any CPU
		{346FB60B-B50F-4DFE-B810-6CBE39DABCDA}.Debug|Any CPU.Build.0 = Debug|Any CPU
		{346FB60B-B50F-4DFE-B810-6CBE39DABCDA}.Release|Any CPU.ActiveCfg = Release|Any CPU
		{346FB60B-B50F-4DFE-B810-6CBE39DABCDA}.Release|Any CPU.Build.0 = Release|Any CPU
		{BFA572D5-9496-405A-AC5D-A56902BCD513}.Debug|Any CPU.ActiveCfg = Debug|Any CPU
		{BFA572D5-9496-405A-AC5D-A56902BCD513}.Debug|Any CPU.Build.0 = Debug|Any CPU
		{BFA572D5-9496-405A-AC5D-A56902BCD513}.Release|Any CPU.ActiveCfg = Release|Any CPU
		{BFA572D5-9496-405A-AC5D-A56902BCD513}.Release|Any CPU.Build.0 = Release|Any CPU
	EndGlobalSection
	GlobalSection(NestedProjects) = preSolution
		{1C1DD3F1-C930-4EF0-9856-08F6C8119489} = {FDB193D4-537A-4A21-8A3B-D9E5E02D110A}
		{CDF40D10-D39E-422E-AA5E-1C26CB8192FE} = {FDB193D4-537A-4A21-8A3B-D9E5E02D110A}
		{491604AB-8674-40B6-9FC4-901F54EA78C2} = {FDB193D4-537A-4A21-8A3B-D9E5E02D110A}
		{346FB60B-B50F-4DFE-B810-6CBE39DABCDA} = {FDB193D4-537A-4A21-8A3B-D9E5E02D110A}
	EndGlobalSection
EndGlobal
